
Microsoft Visual Studio Solution File, Format Version 12.00
# Visual Studio 15
Project("{FAE04EC0-301F-11D3-BF4B-00C04F79EFBC}") = "ES3", "ES3.csproj", "{575AC517-EC9D-3634-E8A2-9C37A91D9D9E}"
EndProject
Project("{FAE04EC0-301F-11D3-BF4B-00C04F79EFBC}") = "Zenject", "Zenject.csproj", "{0898FB1C-79D9-7D34-FC5A-21903B2631DA}"
EndProject
Project("{FAE04EC0-301F-11D3-BF4B-00C04F79EFBC}") = "CFXREditor", "CFXREditor.csproj", "{4CAA2C94-4A60-419A-360D-7506C8EEE66F}"
EndProject
Project("{FAE04EC0-301F-11D3-BF4B-00C04F79EFBC}") = "Zenject-IntegrationTests", "Zenject-IntegrationTests.csproj", "{E0E0649D-BFD2-8602-DBB0-B6F7DE77B242}"
EndProject
Project("{FAE04EC0-301F-11D3-BF4B-00C04F79EFBC}") = "Zenject-IntegrationTests-Editor", "Zenject-IntegrationTests-Editor.csproj", "{4447421C-7A95-F426-D8E0-DB4A715D0533}"
EndProject
Project("{FAE04EC0-301F-11D3-BF4B-00C04F79EFBC}") = "Assembly-CSharp", "Assembly-CSharp.csproj", "{12F44184-A422-5F27-22E6-507969043F15}"
EndProject
Project("{FAE04EC0-301F-11D3-BF4B-00C04F79EFBC}") = "UniTask", "UniTask.csproj", "{34942A12-853D-74F4-B766-201E3676B0C8}"
EndProject
Project("{FAE04EC0-301F-11D3-BF4B-00C04F79EFBC}") = "Zenject-ReflectionBaking-Editor", "Zenject-ReflectionBaking-Editor.csproj", "{2C4C3D4E-6E83-0C08-5950-B3AF7E3C0286}"
EndProject
Project("{FAE04EC0-301F-11D3-BF4B-00C04F79EFBC}") = "UniTask.Linq", "UniTask.Linq.csproj", "{E722AE1B-BF00-1973-5BBE-188E81641616}"
EndProject
Project("{FAE04EC0-301F-11D3-BF4B-00C04F79EFBC}") = "Zenject-UnitTests-Editor", "Zenject-UnitTests-Editor.csproj", "{C63E1E6E-8CE1-4F55-5DA4-49773C4445A0}"
EndProject
Project("{FAE04EC0-301F-11D3-BF4B-00C04F79EFBC}") = "Zenject-Editor", "Zenject-Editor.csproj", "{8696C941-20A0-23DF-0A15-667F30A831C4}"
EndProject
Project("{FAE04EC0-301F-11D3-BF4B-00C04F79EFBC}") = "DOTween.Modules", "DOTween.Modules.csproj", "{54061DD7-B212-18EF-CEB9-4EF7960CC1FF}"
EndProject
Project("{FAE04EC0-301F-11D3-BF4B-00C04F79EFBC}") = "UniTask.Addressables", "UniTask.Addressables.csproj", "{84BDF9ED-6CA9-DF3E-A9DA-3D0EAC9BB002}"
EndProject
Project("{FAE04EC0-301F-11D3-BF4B-00C04F79EFBC}") = "CFXRRuntime", "CFXRRuntime.csproj", "{84EDE0D0-8E7A-7924-F7CE-DF49719BEB3D}"
EndProject
Project("{FAE04EC0-301F-11D3-BF4B-00C04F79EFBC}") = "ES3Editor", "ES3Editor.csproj", "{20C12AB4-4BE3-8AC9-290E-EDA5F3AC9D4C}"
EndProject
Project("{FAE04EC0-301F-11D3-BF4B-00C04F79EFBC}") = "CFXRDemo", "CFXRDemo.csproj", "{DC9510AF-CBE9-328F-461C-C193A83B6592}"
EndProject
Project("{FAE04EC0-301F-11D3-BF4B-00C04F79EFBC}") = "DOTweenPro.Scripts", "DOTweenPro.Scripts.csproj", "{C42DE807-CEDD-6C19-EE67-2D53783F793B}"
EndProject
Project("{FAE04EC0-301F-11D3-BF4B-00C04F79EFBC}") = "Zenject-TestFramework", "Zenject-TestFramework.csproj", "{564002D1-8410-89EA-F063-B34A3ADCECED}"
EndProject
Project("{FAE04EC0-301F-11D3-BF4B-00C04F79EFBC}") = "Zenject-PoolMonitor-Editor", "Zenject-PoolMonitor-Editor.csproj", "{8AB4B263-B378-A08D-B943-C308151A6EF3}"
EndProject
Project("{FAE04EC0-301F-11D3-BF4B-00C04F79EFBC}") = "UniTask.TextMeshPro", "UniTask.TextMeshPro.csproj", "{ACAF9409-E27B-0C10-7F26-FA89637F615F}"
EndProject
Project("{FAE04EC0-301F-11D3-BF4B-00C04F79EFBC}") = "UniTask.DOTween", "UniTask.DOTween.csproj", "{D6404781-FA86-99CD-5B8C-DFA02F017587}"
EndProject
Project("{FAE04EC0-301F-11D3-BF4B-00C04F79EFBC}") = "Assembly-CSharp-Editor", "Assembly-CSharp-Editor.csproj", "{5544F79C-5306-909F-C855-53D6959D5DFD}"
EndProject
Project("{FAE04EC0-301F-11D3-BF4B-00C04F79EFBC}") = "KinoBloom.Runtime", "KinoBloom.Runtime.csproj", "{E8F0CD89-CB07-21C6-E9E7-6E147D3AAF36}"
EndProject
Project("{FAE04EC0-301F-11D3-BF4B-00C04F79EFBC}") = "ToonyColorsPro.Demo.Editor", "ToonyColorsPro.Demo.Editor.csproj", "{F6771CC7-F658-8E31-2A33-E4F2125CEC54}"
EndProject
Project("{FAE04EC0-301F-11D3-BF4B-00C04F79EFBC}") = "UniTask.Editor", "UniTask.Editor.csproj", "{24FC247F-045D-AA08-8D36-14C81A06FA4C}"
EndProject
Project("{FAE04EC0-301F-11D3-BF4B-00C04F79EFBC}") = "DOTweenPro.EditorScripts", "DOTweenPro.EditorScripts.csproj", "{FE2163D3-A69F-E12C-7717-2E2F67AA1739}"
EndProject
Global
	GlobalSection(SolutionConfigurationPlatforms) = preSolution
		Debug|Any CPU = Debug|Any CPU
		Release|Any CPU = Release|Any CPU
	EndGlobalSection
	GlobalSection(ProjectConfigurationPlatforms) = postSolution
		{575AC517-EC9D-3634-E8A2-9C37A91D9D9E}.Debug|Any CPU.ActiveCfg = Debug|Any CPU
		{575AC517-EC9D-3634-E8A2-9C37A91D9D9E}.Debug|Any CPU.Build.0 = Debug|Any CPU
		{575AC517-EC9D-3634-E8A2-9C37A91D9D9E}.Release|Any CPU.ActiveCfg = Release|Any CPU
		{575AC517-EC9D-3634-E8A2-9C37A91D9D9E}.Release|Any CPU.Build.0 = Release|Any CPU
		{0898FB1C-79D9-7D34-FC5A-21903B2631DA}.Debug|Any CPU.ActiveCfg = Debug|Any CPU
		{0898FB1C-79D9-7D34-FC5A-21903B2631DA}.Debug|Any CPU.Build.0 = Debug|Any CPU
		{0898FB1C-79D9-7D34-FC5A-21903B2631DA}.Release|Any CPU.ActiveCfg = Release|Any CPU
		{0898FB1C-79D9-7D34-FC5A-21903B2631DA}.Release|Any CPU.Build.0 = Release|Any CPU
		{4CAA2C94-4A60-419A-360D-7506C8EEE66F}.Debug|Any CPU.ActiveCfg = Debug|Any CPU
		{4CAA2C94-4A60-419A-360D-7506C8EEE66F}.Debug|Any CPU.Build.0 = Debug|Any CPU
		{4CAA2C94-4A60-419A-360D-7506C8EEE66F}.Release|Any CPU.ActiveCfg = Release|Any CPU
		{4CAA2C94-4A60-419A-360D-7506C8EEE66F}.Release|Any CPU.Build.0 = Release|Any CPU
		{E0E0649D-BFD2-8602-DBB0-B6F7DE77B242}.Debug|Any CPU.ActiveCfg = Debug|Any CPU
		{E0E0649D-BFD2-8602-DBB0-B6F7DE77B242}.Debug|Any CPU.Build.0 = Debug|Any CPU
		{E0E0649D-BFD2-8602-DBB0-B6F7DE77B242}.Release|Any CPU.ActiveCfg = Release|Any CPU
		{E0E0649D-BFD2-8602-DBB0-B6F7DE77B242}.Release|Any CPU.Build.0 = Release|Any CPU
		{4447421C-7A95-F426-D8E0-DB4A715D0533}.Debug|Any CPU.ActiveCfg = Debug|Any CPU
		{4447421C-7A95-F426-D8E0-DB4A715D0533}.Debug|Any CPU.Build.0 = Debug|Any CPU
		{4447421C-7A95-F426-D8E0-DB4A715D0533}.Release|Any CPU.ActiveCfg = Release|Any CPU
		{4447421C-7A95-F426-D8E0-DB4A715D0533}.Release|Any CPU.Build.0 = Release|Any CPU
		{12F44184-A422-5F27-22E6-507969043F15}.Debug|Any CPU.ActiveCfg = Debug|Any CPU
		{12F44184-A422-5F27-22E6-507969043F15}.Debug|Any CPU.Build.0 = Debug|Any CPU
		{12F44184-A422-5F27-22E6-507969043F15}.Release|Any CPU.ActiveCfg = Release|Any CPU
		{12F44184-A422-5F27-22E6-507969043F15}.Release|Any CPU.Build.0 = Release|Any CPU
		{34942A12-853D-74F4-B766-201E3676B0C8}.Debug|Any CPU.ActiveCfg = Debug|Any CPU
		{34942A12-853D-74F4-B766-201E3676B0C8}.Debug|Any CPU.Build.0 = Debug|Any CPU
		{34942A12-853D-74F4-B766-201E3676B0C8}.Release|Any CPU.ActiveCfg = Release|Any CPU
		{34942A12-853D-74F4-B766-201E3676B0C8}.Release|Any CPU.Build.0 = Release|Any CPU
		{2C4C3D4E-6E83-0C08-5950-B3AF7E3C0286}.Debug|Any CPU.ActiveCfg = Debug|Any CPU
		{2C4C3D4E-6E83-0C08-5950-B3AF7E3C0286}.Debug|Any CPU.Build.0 = Debug|Any CPU
		{2C4C3D4E-6E83-0C08-5950-B3AF7E3C0286}.Release|Any CPU.ActiveCfg = Release|Any CPU
		{2C4C3D4E-6E83-0C08-5950-B3AF7E3C0286}.Release|Any CPU.Build.0 = Release|Any CPU
		{E722AE1B-BF00-1973-5BBE-188E81641616}.Debug|Any CPU.ActiveCfg = Debug|Any CPU
		{E722AE1B-BF00-1973-5BBE-188E81641616}.Debug|Any CPU.Build.0 = Debug|Any CPU
		{E722AE1B-BF00-1973-5BBE-188E81641616}.Release|Any CPU.ActiveCfg = Release|Any CPU
		{E722AE1B-BF00-1973-5BBE-188E81641616}.Release|Any CPU.Build.0 = Release|Any CPU
		{C63E1E6E-8CE1-4F55-5DA4-49773C4445A0}.Debug|Any CPU.ActiveCfg = Debug|Any CPU
		{C63E1E6E-8CE1-4F55-5DA4-49773C4445A0}.Debug|Any CPU.Build.0 = Debug|Any CPU
		{C63E1E6E-8CE1-4F55-5DA4-49773C4445A0}.Release|Any CPU.ActiveCfg = Release|Any CPU
		{C63E1E6E-8CE1-4F55-5DA4-49773C4445A0}.Release|Any CPU.Build.0 = Release|Any CPU
		{8696C941-20A0-23DF-0A15-667F30A831C4}.Debug|Any CPU.ActiveCfg = Debug|Any CPU
		{8696C941-20A0-23DF-0A15-667F30A831C4}.Debug|Any CPU.Build.0 = Debug|Any CPU
		{8696C941-20A0-23DF-0A15-667F30A831C4}.Release|Any CPU.ActiveCfg = Release|Any CPU
		{8696C941-20A0-23DF-0A15-667F30A831C4}.Release|Any CPU.Build.0 = Release|Any CPU
		{54061DD7-B212-18EF-CEB9-4EF7960CC1FF}.Debug|Any CPU.ActiveCfg = Debug|Any CPU
		{54061DD7-B212-18EF-CEB9-4EF7960CC1FF}.Debug|Any CPU.Build.0 = Debug|Any CPU
		{54061DD7-B212-18EF-CEB9-4EF7960CC1FF}.Release|Any CPU.ActiveCfg = Release|Any CPU
		{54061DD7-B212-18EF-CEB9-4EF7960CC1FF}.Release|Any CPU.Build.0 = Release|Any CPU
		{84BDF9ED-6CA9-DF3E-A9DA-3D0EAC9BB002}.Debug|Any CPU.ActiveCfg = Debug|Any CPU
		{84BDF9ED-6CA9-DF3E-A9DA-3D0EAC9BB002}.Debug|Any CPU.Build.0 = Debug|Any CPU
		{84BDF9ED-6CA9-DF3E-A9DA-3D0EAC9BB002}.Release|Any CPU.ActiveCfg = Release|Any CPU
		{84BDF9ED-6CA9-DF3E-A9DA-3D0EAC9BB002}.Release|Any CPU.Build.0 = Release|Any CPU
		{84EDE0D0-8E7A-7924-F7CE-DF49719BEB3D}.Debug|Any CPU.ActiveCfg = Debug|Any CPU
		{84EDE0D0-8E7A-7924-F7CE-DF49719BEB3D}.Debug|Any CPU.Build.0 = Debug|Any CPU
		{84EDE0D0-8E7A-7924-F7CE-DF49719BEB3D}.Release|Any CPU.ActiveCfg = Release|Any CPU
		{84EDE0D0-8E7A-7924-F7CE-DF49719BEB3D}.Release|Any CPU.Build.0 = Release|Any CPU
		{20C12AB4-4BE3-8AC9-290E-EDA5F3AC9D4C}.Debug|Any CPU.ActiveCfg = Debug|Any CPU
		{20C12AB4-4BE3-8AC9-290E-EDA5F3AC9D4C}.Debug|Any CPU.Build.0 = Debug|Any CPU
		{20C12AB4-4BE3-8AC9-290E-EDA5F3AC9D4C}.Release|Any CPU.ActiveCfg = Release|Any CPU
		{20C12AB4-4BE3-8AC9-290E-EDA5F3AC9D4C}.Release|Any CPU.Build.0 = Release|Any CPU
		{DC9510AF-CBE9-328F-461C-C193A83B6592}.Debug|Any CPU.ActiveCfg = Debug|Any CPU
		{DC9510AF-CBE9-328F-461C-C193A83B6592}.Debug|Any CPU.Build.0 = Debug|Any CPU
		{DC9510AF-CBE9-328F-461C-C193A83B6592}.Release|Any CPU.ActiveCfg = Release|Any CPU
		{DC9510AF-CBE9-328F-461C-C193A83B6592}.Release|Any CPU.Build.0 = Release|Any CPU
		{C42DE807-CEDD-6C19-EE67-2D53783F793B}.Debug|Any CPU.ActiveCfg = Debug|Any CPU
		{C42DE807-CEDD-6C19-EE67-2D53783F793B}.Debug|Any CPU.Build.0 = Debug|Any CPU
		{C42DE807-CEDD-6C19-EE67-2D53783F793B}.Release|Any CPU.ActiveCfg = Release|Any CPU
		{C42DE807-CEDD-6C19-EE67-2D53783F793B}.Release|Any CPU.Build.0 = Release|Any CPU
		{564002D1-8410-89EA-F063-B34A3ADCECED}.Debug|Any CPU.ActiveCfg = Debug|Any CPU
		{564002D1-8410-89EA-F063-B34A3ADCECED}.Debug|Any CPU.Build.0 = Debug|Any CPU
		{564002D1-8410-89EA-F063-B34A3ADCECED}.Release|Any CPU.ActiveCfg = Release|Any CPU
		{564002D1-8410-89EA-F063-B34A3ADCECED}.Release|Any CPU.Build.0 = Release|Any CPU
		{8AB4B263-B378-A08D-B943-C308151A6EF3}.Debug|Any CPU.ActiveCfg = Debug|Any CPU
		{8AB4B263-B378-A08D-B943-C308151A6EF3}.Debug|Any CPU.Build.0 = Debug|Any CPU
		{8AB4B263-B378-A08D-B943-C308151A6EF3}.Release|Any CPU.ActiveCfg = Release|Any CPU
		{8AB4B263-B378-A08D-B943-C308151A6EF3}.Release|Any CPU.Build.0 = Release|Any CPU
		{ACAF9409-E27B-0C10-7F26-FA89637F615F}.Debug|Any CPU.ActiveCfg = Debug|Any CPU
		{ACAF9409-E27B-0C10-7F26-FA89637F615F}.Debug|Any CPU.Build.0 = Debug|Any CPU
		{ACAF9409-E27B-0C10-7F26-FA89637F615F}.Release|Any CPU.ActiveCfg = Release|Any CPU
		{ACAF9409-E27B-0C10-7F26-FA89637F615F}.Release|Any CPU.Build.0 = Release|Any CPU
		{D6404781-FA86-99CD-5B8C-DFA02F017587}.Debug|Any CPU.ActiveCfg = Debug|Any CPU
		{D6404781-FA86-99CD-5B8C-DFA02F017587}.Debug|Any CPU.Build.0 = Debug|Any CPU
		{D6404781-FA86-99CD-5B8C-DFA02F017587}.Release|Any CPU.ActiveCfg = Release|Any CPU
		{D6404781-FA86-99CD-5B8C-DFA02F017587}.Release|Any CPU.Build.0 = Release|Any CPU
		{5544F79C-5306-909F-C855-53D6959D5DFD}.Debug|Any CPU.ActiveCfg = Debug|Any CPU
		{5544F79C-5306-909F-C855-53D6959D5DFD}.Debug|Any CPU.Build.0 = Debug|Any CPU
		{5544F79C-5306-909F-C855-53D6959D5DFD}.Release|Any CPU.ActiveCfg = Release|Any CPU
		{5544F79C-5306-909F-C855-53D6959D5DFD}.Release|Any CPU.Build.0 = Release|Any CPU
		{E8F0CD89-CB07-21C6-E9E7-6E147D3AAF36}.Debug|Any CPU.ActiveCfg = Debug|Any CPU
		{E8F0CD89-CB07-21C6-E9E7-6E147D3AAF36}.Debug|Any CPU.Build.0 = Debug|Any CPU
		{E8F0CD89-CB07-21C6-E9E7-6E147D3AAF36}.Release|Any CPU.ActiveCfg = Release|Any CPU
		{E8F0CD89-CB07-21C6-E9E7-6E147D3AAF36}.Release|Any CPU.Build.0 = Release|Any CPU
		{F6771CC7-F658-8E31-2A33-E4F2125CEC54}.Debug|Any CPU.ActiveCfg = Debug|Any CPU
		{F6771CC7-F658-8E31-2A33-E4F2125CEC54}.Debug|Any CPU.Build.0 = Debug|Any CPU
		{F6771CC7-F658-8E31-2A33-E4F2125CEC54}.Release|Any CPU.ActiveCfg = Release|Any CPU
		{F6771CC7-F658-8E31-2A33-E4F2125CEC54}.Release|Any CPU.Build.0 = Release|Any CPU
		{24FC247F-045D-AA08-8D36-14C81A06FA4C}.Debug|Any CPU.ActiveCfg = Debug|Any CPU
		{24FC247F-045D-AA08-8D36-14C81A06FA4C}.Debug|Any CPU.Build.0 = Debug|Any CPU
		{24FC247F-045D-AA08-8D36-14C81A06FA4C}.Release|Any CPU.ActiveCfg = Release|Any CPU
		{24FC247F-045D-AA08-8D36-14C81A06FA4C}.Release|Any CPU.Build.0 = Release|Any CPU
		{FE2163D3-A69F-E12C-7717-2E2F67AA1739}.Debug|Any CPU.ActiveCfg = Debug|Any CPU
		{FE2163D3-A69F-E12C-7717-2E2F67AA1739}.Debug|Any CPU.Build.0 = Debug|Any CPU
		{FE2163D3-A69F-E12C-7717-2E2F67AA1739}.Release|Any CPU.ActiveCfg = Release|Any CPU
		{FE2163D3-A69F-E12C-7717-2E2F67AA1739}.Release|Any CPU.Build.0 = Release|Any CPU
	EndGlobalSection
	GlobalSection(SolutionProperties) = preSolution
		HideSolutionNode = FALSE
	EndGlobalSection
EndGlobal
